# This file was autogenerated by Stack.
# You should not edit this file by hand.
# For more information, please see the documentation at:
#   https://docs.haskellstack.org/en/stable/lock_files

packages:
- completed:
    hackage: gloss-juicy-0.2.3@sha256:0c3bca95237cbf91f8b3b1936a0661f1e0457acd80502276d54d6c5210f88b25,1618
    pantry-tree:
      size: 273
      sha256: 914c08509bc3da4707d90e542b44833ca1a62abc83c2848f87df3d7a7a1d7e03
  original:
    hackage: gloss-juicy-0.2.3
- completed:
    subdir: gloss
    name: gloss
    version: 1.13.1.2
    git: https://github.com/lancelet/gloss.git
    pantry-tree:
      size: 3919
      sha256: fa38fa0a665ddc4b546b22c48e5e9515feb0f57fffad2494f72a4341951a6ef7
    commit: 4df890e4b764a53f2cb32e38e95aa4d515f80651
  original:
    subdir: gloss
    git: https://github.com/lancelet/gloss.git
    commit: 4df890e4b764a53f2cb32e38e95aa4d515f80651
- completed:
    hackage: GLFW-b-1.4.8.4@sha256:b35242b401ac3235753f2bdfdfd07981f531e1d0457928caafb1db3801df40bc,2284
    pantry-tree:
      size: 482
      sha256: 8100262bac57570cc0d33cee874a6a1bcfcffdad224bbf6eea33c0032fd9fa52
  original:
    hackage: GLFW-b-1.4.8.4@sha256:b35242b401ac3235753f2bdfdfd07981f531e1d0457928caafb1db3801df40bc,2284
snapshots:
- completed:
    size: 524996
    url: https://raw.githubusercontent.com/commercialhaskell/stackage-snapshots/master/lts/14/27.yaml
    sha256: 7ea31a280c56bf36ff591a7397cc384d0dff622e7f9e4225b47d8980f019a0f0
  original: lts-14.27
