# This file was autogenerated by Stack.
# You should not edit this file by hand.
# For more information, please see the documentation at:
#   https://docs.haskellstack.org/en/stable/lock_files

packages:
- completed:
    hackage: docopt-0.7.0.8@sha256:b88ca348766430101ff1d1ca230ea9038a9fcd63aa3f042a4b95ceab207357e5,3352
    pantry-tree:
      sha256: 55d4b40116a7b5d4213f25bae39688941fc59e85d9d74922248803f21817a02c
      size: 1179
  original:
    hackage: docopt-0.7.0.8
- completed:
    name: gloss-juicy
    pantry-tree:
      sha256: 48286cf4c310a07ae5ca7d3b3b9c0d995c24b4195191006562d70c52a24a6f8e
      size: 373
    sha256: 0ece997eb15a5d48f8782064d31ce2bb0ad3fbc782df83c6a10fad1c6e4efef5
    size: 4652
    url: https://github.com/hpacheco/gloss-juicy/archive/acbdfd864b7e574dfbe1595fbdcd154563b2a0ef.tar.gz
    version: 0.2.4
  original:
    url: https://github.com/hpacheco/gloss-juicy/archive/acbdfd864b7e574dfbe1595fbdcd154563b2a0ef.tar.gz
- completed:
    name: hip
    pantry-tree:
      sha256: 53735040ab8bfe0221f9ee71e3f5cee0b9b11a73926c400a906e6a9cbc1b3864
      size: 2896
    sha256: 28ed9b657c5bd2eed0ea08cc2d06aea24a89a949e7b5f1babcdf6e2c69d0c0be
    size: 13585656
    subdir: hip
    url: https://github.com/lehins/hip/archive/ddfc77feb21722babccd3b3aa73c4c3d41268f54.tar.gz
    version: 2.0.0.0
  original:
    subdir: hip
    url: https://github.com/lehins/hip/archive/ddfc77feb21722babccd3b3aa73c4c3d41268f54.tar.gz
- completed:
    name: Color
    pantry-tree:
      sha256: 4eb4766d2fa2eccf58b735a034e9a73d471a89448248ffb9ccf8eb3738a18523
      size: 17484
    sha256: eb956cbe9fd5d0d7d9eea7d13bdddb2a26734cba3537904b7585a0fb7da4cbc5
    size: 125805
    subdir: Color
    url: https://github.com/lehins/Color/archive/ec833edd8f9b15543855c00826c4ede470773f83.tar.gz
    version: 0.4.0
  original:
    subdir: Color
    url: https://github.com/lehins/Color/archive/ec833edd8f9b15543855c00826c4ede470773f83.tar.gz
snapshots:
- completed:
    sha256: 3e184a8f5e751ba159db999ce1bebe45143ce8422b525b4d2de6d9b849d203c9
    size: 720269
    url: https://raw.githubusercontent.com/commercialhaskell/stackage-snapshots/master/lts/22/42.yaml
  original: lts-22.42
