# This file was autogenerated by Stack.
# You should not edit this file by hand.
# For more information, please see the documentation at:
#   https://docs.haskellstack.org/en/stable/topics/lock_files

packages:
- completed:
    hackage: docopt-0.7.0.8@sha256:d96a4e95322abdab048c7c886617b8ec302b950475c9a8f0827070b0a27fe88e,3485
    pantry-tree:
      sha256: 42c11c3bba6ed673728b73230b9b71c18e778d8fa192e7a176fb6a3570890145
      size: 1179
  original:
    hackage: docopt-0.7.0.8
- completed:
    hackage: storable-offset-0.1.0.0@sha256:1f94d4369daea19cc27e151e90dc652b3074cc565121bb5874f5d8b9e019b3d1,952
    pantry-tree:
      sha256: 13cc443c3acabb3c1901c7e6e179b6038e05d56af3e524a7bff2f30f408e289f
      size: 231
  original:
    hackage: storable-offset-0.1.0.0
- completed:
    name: hip
    pantry-tree:
      sha256: 53735040ab8bfe0221f9ee71e3f5cee0b9b11a73926c400a906e6a9cbc1b3864
      size: 2896
    sha256: 28ed9b657c5bd2eed0ea08cc2d06aea24a89a949e7b5f1babcdf6e2c69d0c0be
    size: 13585656
    subdir: hip
    url: https://github.com/lehins/hip/archive/ddfc77feb21722babccd3b3aa73c4c3d41268f54.tar.gz
    version: 2.0.0.0
  original:
    subdir: hip
    url: https://github.com/lehins/hip/archive/ddfc77feb21722babccd3b3aa73c4c3d41268f54.tar.gz
- completed:
    name: Color
    pantry-tree:
      sha256: 4eb4766d2fa2eccf58b735a034e9a73d471a89448248ffb9ccf8eb3738a18523
      size: 17484
    sha256: eb956cbe9fd5d0d7d9eea7d13bdddb2a26734cba3537904b7585a0fb7da4cbc5
    size: 125805
    subdir: Color
    url: https://github.com/lehins/Color/archive/ec833edd8f9b15543855c00826c4ede470773f83.tar.gz
    version: 0.4.0
  original:
    subdir: Color
    url: https://github.com/lehins/Color/archive/ec833edd8f9b15543855c00826c4ede470773f83.tar.gz
- completed:
    name: brillo
    pantry-tree:
      sha256: 1acfc1170f88eacb1b362fb98de0c8e9be043d56bc70798aa465bc15111c4f8b
      size: 3884
    sha256: 569d2c0fa2365b2a618215f0c9c8b6db381f8a47ef088b474e66e1093cbede7d
    size: 10258078
    subdir: brillo
    url: https://github.com/ad-si/Brillo/archive/d1ec8cf1d96274340847f64e537dce4af06d4b56.tar.gz
    version: 1.13.3
  original:
    subdir: brillo
    url: https://github.com/ad-si/Brillo/archive/d1ec8cf1d96274340847f64e537dce4af06d4b56.tar.gz
- completed:
    name: brillo-algorithms
    pantry-tree:
      sha256: 7dfb63650cf727863979cc40afd29fcaa729fc2880689bc049c055149f94caef
      size: 368
    sha256: 569d2c0fa2365b2a618215f0c9c8b6db381f8a47ef088b474e66e1093cbede7d
    size: 10258078
    subdir: brillo-algorithms
    url: https://github.com/ad-si/Brillo/archive/d1ec8cf1d96274340847f64e537dce4af06d4b56.tar.gz
    version: 1.13.3
  original:
    subdir: brillo-algorithms
    url: https://github.com/ad-si/Brillo/archive/d1ec8cf1d96274340847f64e537dce4af06d4b56.tar.gz
- completed:
    name: brillo-juicy
    pantry-tree:
      sha256: 7e606f164681205d1408aa730d6f2baf821e4c2776beb406a7483677a8b512aa
      size: 315
    sha256: 569d2c0fa2365b2a618215f0c9c8b6db381f8a47ef088b474e66e1093cbede7d
    size: 10258078
    subdir: brillo-juicy
    url: https://github.com/ad-si/Brillo/archive/d1ec8cf1d96274340847f64e537dce4af06d4b56.tar.gz
    version: 0.2.4
  original:
    subdir: brillo-juicy
    url: https://github.com/ad-si/Brillo/archive/d1ec8cf1d96274340847f64e537dce4af06d4b56.tar.gz
- completed:
    name: brillo-rendering
    pantry-tree:
      sha256: b74b41c8f14e9e1461655347111b4f6bb2124e6c2b41c8c0fce6c86892c958ee
      size: 1068
    sha256: 569d2c0fa2365b2a618215f0c9c8b6db381f8a47ef088b474e66e1093cbede7d
    size: 10258078
    subdir: brillo-rendering
    url: https://github.com/ad-si/Brillo/archive/d1ec8cf1d96274340847f64e537dce4af06d4b56.tar.gz
    version: 1.13.3
  original:
    subdir: brillo-rendering
    url: https://github.com/ad-si/Brillo/archive/d1ec8cf1d96274340847f64e537dce4af06d4b56.tar.gz
- completed:
    name: freetype2
    pantry-tree:
      sha256: 670c4a673afbefc446b91e445fd3b4a801bd5d6c555df5bae7721516739e24b6
      size: 48451
    sha256: 596cb18aa753c4286148fa00d772ceacd87fcc72913cadc1a7fcc5ba6e07507b
    size: 1801828
    url: https://github.com/dpwiz/freetype2/archive/d2acf926b5c448d8edd60e322862adcf2dbe9146.tar.gz
    version: 0.2.1
  original:
    url: https://github.com/dpwiz/freetype2/archive/d2acf926b5c448d8edd60e322862adcf2dbe9146.tar.gz
- completed:
    name: bindings-GLFW
    pantry-tree:
      sha256: 133e5087721ec51ef432a866ea03d39ecdac5bdfb3f5b7997af8c06068e57e39
      size: 5583
    sha256: a363f9b0705033328d7743e3550e19c02e81f4ecc20e524a4da413be52a58c02
    size: 601551
    url: https://github.com/bsl/bindings-GLFW/archive/a98990a882da8f2cb3ff6730d614f5d37adbde33.tar.gz
    version: 3.3.9.4
  original:
    url: https://github.com/bsl/bindings-GLFW/archive/a98990a882da8f2cb3ff6730d614f5d37adbde33.tar.gz
snapshots:
- completed:
    sha256: 069c8189232279d04bd107557d3a62132c04ae5ce3c710649e6b40f67f10b9d5
    size: 684285
    url: https://raw.githubusercontent.com/commercialhaskell/stackage-snapshots/master/lts/23/27.yaml
  original: lts-23.27
